
Microsoft Visual Studio Solution File, Format Version 12.00
# Visual Studio 15
VisualStudioVersion = 15.0.28010.2048
MinimumVisualStudioVersion = 10.0.40219.1
Project("{FAE04EC0-301F-11D3-BF4B-00C04F79EFBC}") = "AsyncMethods", "AsyncMethods\AsyncMethods.csproj", "{E705D127-3E53-40A3-853C-94C1591975EC}"
EndProject
Project("{FAE04EC0-301F-11D3-BF4B-00C04F79EFBC}") = "ProgressBar", "ProgressBar\ProgressBar.csproj", "{05B15F60-EB6B-4C77-923B-A5D155F283B8}"
EndProject
Global
	GlobalSection(SolutionConfigurationPlatforms) = preSolution
		Debug|Any CPU = Debug|Any CPU
		Release|Any CPU = Release|Any CPU
	EndGlobalSection
	GlobalSection(ProjectConfigurationPlatforms) = postSolution
		{E705D127-3E53-40A3-853C-94C1591975EC}.Debug|Any CPU.ActiveCfg = Debug|Any CPU
		{E705D127-3E53-40A3-853C-94C1591975EC}.Debug|Any CPU.Build.0 = Debug|Any CPU
		{E705D127-3E53-40A3-853C-94C1591975EC}.Release|Any CPU.ActiveCfg = Release|Any CPU
		{E705D127-3E53-40A3-853C-94C1591975EC}.Release|Any CPU.Build.0 = Release|Any CPU
		{05B15F60-EB6B-4C77-923B-A5D155F283B8}.Debug|Any CPU.ActiveCfg = Debug|Any CPU
		{05B15F60-EB6B-4C77-923B-A5D155F283B8}.Debug|Any CPU.Build.0 = Debug|Any CPU
		{05B15F60-EB6B-4C77-923B-A5D155F283B8}.Release|Any CPU.ActiveCfg = Release|Any CPU
		{05B15F60-EB6B-4C77-923B-A5D155F283B8}.Release|Any CPU.Build.0 = Release|Any CPU
	EndGlobalSection
	GlobalSection(SolutionProperties) = preSolution
		HideSolutionNode = FALSE
	EndGlobalSection
	GlobalSection(ExtensibilityGlobals) = postSolution
		SolutionGuid = {7EAC9B5E-B830-4877-9216-52950C897179}
	EndGlobalSection
EndGlobal
